Microsoft Visual Studio Solution File, Format Version 12.00
# Visual Studio Version 17
VisualStudioVersion = 17.5.2.0
MinimumVisualStudioVersion = 10.0.40219.1
Project("{FAE04EC0-301F-11D3-BF4B-00C04F79EFBC}") = "NBomber.Sinks.Prometheus", "NBomber.Sinks.Prometheus.csproj", "{8057F63C-D9E8-2387-8242-18123AD2B78B}"
EndProject
Global
	GlobalSection(SolutionConfigurationPlatforms) = preSolution
		Debug|Any CPU = Debug|Any CPU
		Release|Any CPU = Release|Any CPU
	EndGlobalSection
	GlobalSection(ProjectConfigurationPlatforms) = postSolution
		{8057F63C-D9E8-2387-8242-18123AD2B78B}.Debug|Any CPU.ActiveCfg = Debug|Any CPU
		{8057F63C-D9E8-2387-8242-18123AD2B78B}.Debug|Any CPU.Build.0 = Debug|Any CPU
		{8057F63C-D9E8-2387-8242-18123AD2B78B}.Release|Any CPU.ActiveCfg = Release|Any CPU
		{8057F63C-D9E8-2387-8242-18123AD2B78B}.Release|Any CPU.Build.0 = Release|Any CPU
	EndGlobalSection
	GlobalSection(SolutionProperties) = preSolution
		HideSolutionNode = FALSE
	EndGlobalSection
	GlobalSection(ExtensibilityGlobals) = postSolution
		SolutionGuid = {8BC0402E-DF6A-43D5-BDF9-4EBA7E26E519}
	EndGlobalSection
EndGlobal
